{
  "name": "van-wrapper",
  "version": "0.0.0",
  "lockfileVersion": 3,
  "requires": true,
  "packages": {
    "": {
      "name": "van-wrapper",
      "version": "0.0.0",
      "license": "MIT",
      "dependencies": {
        "ziko-wrapper": "^0.0.18"
      }
    },
    "node_modules/ziko": {
      "version": "0.0.22",
      "resolved": "https://registry.npmjs.org/ziko/-/ziko-0.0.22.tgz",
      "integrity": "sha512-MqrdBVdDWkDi5a9+rxxl/Pspce2mYtgOu2TidamgsFPQo5BK9FDQQkgU5gJCR6Z74Mspx7BswutEnhJ0WvWQNw==",
      "license": "MIT",
      "bin": {
        "create-ziko-app": "starter/bin/index.js"
      }
    },
    "node_modules/ziko-wrapper": {
      "version": "0.0.18",
      "resolved": "https://registry.npmjs.org/ziko-wrapper/-/ziko-wrapper-0.0.18.tgz",
      "integrity": "sha512-vOC/71gduhISkd0AURjEKOsJmNNdURIM+7M1Q0hv/PqmYppigrbOaMFRFyVWr0ou9KIMRppi6u6C2qzUHjWdmw==",
      "license": "MIT",
      "dependencies": {
        "ziko": "^0.0.22"
      }
    }
  }
}
