{
  "name": "van-wrapper",
  "version": "0.0.0",
  "lockfileVersion": 3,
  "requires": true,
  "packages": {
    "": {
      "name": "van-wrapper",
      "version": "0.0.0",
      "license": "MIT",
      "dependencies": {
        "ziko": "^0.0.22",
        "ziko-wrapper": "^0.0.16"
      }
    },
    "node_modules/ziko": {
      "version": "0.0.22",
      "resolved": "https://registry.npmjs.org/ziko/-/ziko-0.0.22.tgz",
      "integrity": "sha512-MqrdBVdDWkDi5a9+rxxl/Pspce2mYtgOu2TidamgsFPQo5BK9FDQQkgU5gJCR6Z74Mspx7BswutEnhJ0WvWQNw==",
      "license": "MIT",
      "bin": {
        "create-ziko-app": "starter/bin/index.js"
      }
    },
    "node_modules/ziko-wrapper": {
      "version": "0.0.16",
      "resolved": "https://registry.npmjs.org/ziko-wrapper/-/ziko-wrapper-0.0.16.tgz",
      "integrity": "sha512-37285W8unPY4d9IAx0KauVUQEvt3W/58XtzB115yrf56deNUX/rIkFmMhxO+QgLanO/eGDvyBWJ9pPObmkHcUQ==",
      "license": "MIT",
      "dependencies": {
        "ziko": "^0.0.22"
      }
    }
  }
}
