{
  "name": "van-wrapper",
  "version": "0.0.1",
  "lockfileVersion": 3,
  "requires": true,
  "packages": {
    "": {
      "name": "van-wrapper",
      "version": "0.0.1",
      "license": "MIT",
      "dependencies": {
        "ziko-wrapper": "^0.0.23"
      }
    },
    "node_modules/ziko": {
      "version": "0.0.25",
      "resolved": "https://registry.npmjs.org/ziko/-/ziko-0.0.25.tgz",
      "integrity": "sha512-EO+/ZzQAUlL5HFGy7xBNqqPEtvpk64NW0P9cWnLKjrIjYgQmCN12UCP4BfV8gJ2NzHDnUg/o5HQlJCtaFXDHqQ==",
      "license": "MIT",
      "bin": {
        "create-ziko-app": "starter/bin/index.js"
      }
    },
    "node_modules/ziko-wrapper": {
      "version": "0.0.23",
      "resolved": "https://registry.npmjs.org/ziko-wrapper/-/ziko-wrapper-0.0.23.tgz",
      "integrity": "sha512-etYqFhJo2Aynh+DWrZUY5QyUsPaXp0FVDqOoQUbHLvPCSta9Z+qtugEsIPg/EFFJdT9efeEniQATFTIoIFWjDQ==",
      "license": "MIT",
      "dependencies": {
        "ziko": "^0.0.25"
      }
    }
  }
}
